
Microsoft Visual Studio Solution File, Format Version 12.00
# Visual Studio Version 16
VisualStudioVersion = 16.0.29905.134
MinimumVisualStudioVersion = 10.0.40219.1
Project("{FAE04EC0-301F-11D3-BF4B-00C04F79EFBC}") = "Consumo.Web.Cliente", "Consumo.Web.Cliente\Consumo.Web.Cliente.csproj", "{EDCEE548-BD9A-46BB-AC6A-83E2100539DA}"
EndProject
Global
	GlobalSection(SolutionConfigurationPlatforms) = preSolution
		Debug|Any CPU = Debug|Any CPU
		Release|Any CPU = Release|Any CPU
	EndGlobalSection
	GlobalSection(ProjectConfigurationPlatforms) = postSolution
		{EDCEE548-BD9A-46BB-AC6A-83E2100539DA}.Debug|Any CPU.ActiveCfg = Debug|Any CPU
		{EDCEE548-BD9A-46BB-AC6A-83E2100539DA}.Debug|Any CPU.Build.0 = Debug|Any CPU
		{EDCEE548-BD9A-46BB-AC6A-83E2100539DA}.Release|Any CPU.ActiveCfg = Release|Any CPU
		{EDCEE548-BD9A-46BB-AC6A-83E2100539DA}.Release|Any CPU.Build.0 = Release|Any CPU
	EndGlobalSection
	GlobalSection(SolutionProperties) = preSolution
		HideSolutionNode = FALSE
	EndGlobalSection
	GlobalSection(ExtensibilityGlobals) = postSolution
		SolutionGuid = {228F40C2-6037-45D4-BCEF-83E10628993F}
	EndGlobalSection
EndGlobal
